
Microsoft Visual Studio Solution File, Format Version 12.00
# Visual Studio 2012
Project("{FAE04EC0-301F-11D3-BF4B-00C04F79EFBC}") = "PopupTest", "PopupTest\PopupTest.csproj", "{17B60418-CF28-4814-B9CB-C38833EFB87D}"
EndProject
Project("{FAE04EC0-301F-11D3-BF4B-00C04F79EFBC}") = "PopupTest.Droid", "Droid\PopupTest.Droid.csproj", "{8C9428A0-F40B-4888-86F1-33B198AC2FB2}"
EndProject
Global
	GlobalSection(SolutionConfigurationPlatforms) = preSolution
		Debug|Any CPU = Debug|Any CPU
		Release|Any CPU = Release|Any CPU
	EndGlobalSection
	GlobalSection(ProjectConfigurationPlatforms) = postSolution
		{17B60418-CF28-4814-B9CB-C38833EFB87D}.Debug|Any CPU.ActiveCfg = Debug|Any CPU
		{17B60418-CF28-4814-B9CB-C38833EFB87D}.Debug|Any CPU.Build.0 = Debug|Any CPU
		{17B60418-CF28-4814-B9CB-C38833EFB87D}.Release|Any CPU.ActiveCfg = Release|Any CPU
		{17B60418-CF28-4814-B9CB-C38833EFB87D}.Release|Any CPU.Build.0 = Release|Any CPU
		{8C9428A0-F40B-4888-86F1-33B198AC2FB2}.Debug|Any CPU.ActiveCfg = Debug|Any CPU
		{8C9428A0-F40B-4888-86F1-33B198AC2FB2}.Debug|Any CPU.Build.0 = Debug|Any CPU
		{8C9428A0-F40B-4888-86F1-33B198AC2FB2}.Release|Any CPU.ActiveCfg = Release|Any CPU
		{8C9428A0-F40B-4888-86F1-33B198AC2FB2}.Release|Any CPU.Build.0 = Release|Any CPU
	EndGlobalSection
EndGlobal
